
Microsoft Visual Studio Solution File, Format Version 12.00
# Visual Studio 15
VisualStudioVersion = 15.0.26730.12
MinimumVisualStudioVersion = 10.0.40219.1
Project("{FAE04EC0-301F-11D3-BF4B-00C04F79EFBC}") = "DotNetTN", "DotNetTN\DotNetTN.csproj", "{129580C8-152E-47B8-BA40-96198C210B8D}"
EndProject
Project("{FAE04EC0-301F-11D3-BF4B-00C04F79EFBC}") = "DotNetTN.Google", "DotNetTN.Google\DotNetTN.Google.csproj", "{3BEF14E0-F1F6-4FCB-9E55-2C34FBB6748F}"
EndProject
Project("{FAE04EC0-301F-11D3-BF4B-00C04F79EFBC}") = "DotNetTN.Validator", "DotNetTN.Validator\DotNetTN.Validator.csproj", "{2ADE82DE-28B2-4125-AB63-E71BABED66CE}"
EndProject
Project("{FAE04EC0-301F-11D3-BF4B-00C04F79EFBC}") = "DotNetTN.Connector", "DotNetTN.Connector\DotNetTN.Connector.csproj", "{52AFD08A-11A9-4500-BD2F-B7BCEF7059AB}"
EndProject
Project("{FAE04EC0-301F-11D3-BF4B-00C04F79EFBC}") = "DotNetTN.File", "DotNetTN.File\DotNetTN.File.csproj", "{5904B345-3FD0-45E3-8A02-E431E5AF4A40}"
EndProject
Project("{FAE04EC0-301F-11D3-BF4B-00C04F79EFBC}") = "DotNetTN.Document", "DotNetTN.Document\DotNetTN.Document.csproj", "{BAE3991A-0038-41B3-AA92-B9B7BC3309C5}"
EndProject
Project("{FAE04EC0-301F-11D3-BF4B-00C04F79EFBC}") = "DotNetTN.API", "DotNetTN.API\DotNetTN.API.csproj", "{BF3B0D5A-1904-4FBC-AC70-25BE803E9450}"
EndProject
Project("{FAE04EC0-301F-11D3-BF4B-00C04F79EFBC}") = "DotNetTN.Youtube", "DotNetTN.Youtube\DotNetTN.Youtube.csproj", "{C9A71259-A313-4509-86BB-58279D8B09C0}"
EndProject
Project("{FAE04EC0-301F-11D3-BF4B-00C04F79EFBC}") = "DotNetTN.ASP", "DotNetTN.ASP\DotNetTN.ASP.csproj", "{283B3543-A598-4C91-B183-6AADD8A3C49E}"
EndProject
Project("{FAE04EC0-301F-11D3-BF4B-00C04F79EFBC}") = "DotNetTN.Facebook", "DotNetTN.Facebook\DotNetTN.Facebook.csproj", "{8D6E9D76-DE6D-4AC5-8957-4FB2F231F2B9}"
EndProject
Global
	GlobalSection(SolutionConfigurationPlatforms) = preSolution
		Debug|Any CPU = Debug|Any CPU
		Release|Any CPU = Release|Any CPU
	EndGlobalSection
	GlobalSection(ProjectConfigurationPlatforms) = postSolution
		{129580C8-152E-47B8-BA40-96198C210B8D}.Debug|Any CPU.ActiveCfg = Debug|Any CPU
		{129580C8-152E-47B8-BA40-96198C210B8D}.Debug|Any CPU.Build.0 = Debug|Any CPU
		{129580C8-152E-47B8-BA40-96198C210B8D}.Release|Any CPU.ActiveCfg = Release|Any CPU
		{129580C8-152E-47B8-BA40-96198C210B8D}.Release|Any CPU.Build.0 = Release|Any CPU
		{3BEF14E0-F1F6-4FCB-9E55-2C34FBB6748F}.Debug|Any CPU.ActiveCfg = Debug|Any CPU
		{3BEF14E0-F1F6-4FCB-9E55-2C34FBB6748F}.Debug|Any CPU.Build.0 = Debug|Any CPU
		{3BEF14E0-F1F6-4FCB-9E55-2C34FBB6748F}.Release|Any CPU.ActiveCfg = Release|Any CPU
		{3BEF14E0-F1F6-4FCB-9E55-2C34FBB6748F}.Release|Any CPU.Build.0 = Release|Any CPU
		{2ADE82DE-28B2-4125-AB63-E71BABED66CE}.Debug|Any CPU.ActiveCfg = Debug|Any CPU
		{2ADE82DE-28B2-4125-AB63-E71BABED66CE}.Debug|Any CPU.Build.0 = Debug|Any CPU
		{2ADE82DE-28B2-4125-AB63-E71BABED66CE}.Release|Any CPU.ActiveCfg = Release|Any CPU
		{2ADE82DE-28B2-4125-AB63-E71BABED66CE}.Release|Any CPU.Build.0 = Release|Any CPU
		{52AFD08A-11A9-4500-BD2F-B7BCEF7059AB}.Debug|Any CPU.ActiveCfg = Debug|Any CPU
		{52AFD08A-11A9-4500-BD2F-B7BCEF7059AB}.Debug|Any CPU.Build.0 = Debug|Any CPU
		{52AFD08A-11A9-4500-BD2F-B7BCEF7059AB}.Release|Any CPU.ActiveCfg = Release|Any CPU
		{52AFD08A-11A9-4500-BD2F-B7BCEF7059AB}.Release|Any CPU.Build.0 = Release|Any CPU
		{5904B345-3FD0-45E3-8A02-E431E5AF4A40}.Debug|Any CPU.ActiveCfg = Debug|Any CPU
		{5904B345-3FD0-45E3-8A02-E431E5AF4A40}.Debug|Any CPU.Build.0 = Debug|Any CPU
		{5904B345-3FD0-45E3-8A02-E431E5AF4A40}.Release|Any CPU.ActiveCfg = Release|Any CPU
		{5904B345-3FD0-45E3-8A02-E431E5AF4A40}.Release|Any CPU.Build.0 = Release|Any CPU
		{BAE3991A-0038-41B3-AA92-B9B7BC3309C5}.Debug|Any CPU.ActiveCfg = Debug|Any CPU
		{BAE3991A-0038-41B3-AA92-B9B7BC3309C5}.Debug|Any CPU.Build.0 = Debug|Any CPU
		{BAE3991A-0038-41B3-AA92-B9B7BC3309C5}.Release|Any CPU.ActiveCfg = Release|Any CPU
		{BAE3991A-0038-41B3-AA92-B9B7BC3309C5}.Release|Any CPU.Build.0 = Release|Any CPU
		{BF3B0D5A-1904-4FBC-AC70-25BE803E9450}.Debug|Any CPU.ActiveCfg = Debug|Any CPU
		{BF3B0D5A-1904-4FBC-AC70-25BE803E9450}.Debug|Any CPU.Build.0 = Debug|Any CPU
		{BF3B0D5A-1904-4FBC-AC70-25BE803E9450}.Release|Any CPU.ActiveCfg = Release|Any CPU
		{BF3B0D5A-1904-4FBC-AC70-25BE803E9450}.Release|Any CPU.Build.0 = Release|Any CPU
		{C9A71259-A313-4509-86BB-58279D8B09C0}.Debug|Any CPU.ActiveCfg = Debug|Any CPU
		{C9A71259-A313-4509-86BB-58279D8B09C0}.Debug|Any CPU.Build.0 = Debug|Any CPU
		{C9A71259-A313-4509-86BB-58279D8B09C0}.Release|Any CPU.ActiveCfg = Release|Any CPU
		{C9A71259-A313-4509-86BB-58279D8B09C0}.Release|Any CPU.Build.0 = Release|Any CPU
		{283B3543-A598-4C91-B183-6AADD8A3C49E}.Debug|Any CPU.ActiveCfg = Debug|Any CPU
		{283B3543-A598-4C91-B183-6AADD8A3C49E}.Debug|Any CPU.Build.0 = Debug|Any CPU
		{283B3543-A598-4C91-B183-6AADD8A3C49E}.Release|Any CPU.ActiveCfg = Release|Any CPU
		{283B3543-A598-4C91-B183-6AADD8A3C49E}.Release|Any CPU.Build.0 = Release|Any CPU
		{8D6E9D76-DE6D-4AC5-8957-4FB2F231F2B9}.Debug|Any CPU.ActiveCfg = Debug|Any CPU
		{8D6E9D76-DE6D-4AC5-8957-4FB2F231F2B9}.Debug|Any CPU.Build.0 = Debug|Any CPU
		{8D6E9D76-DE6D-4AC5-8957-4FB2F231F2B9}.Release|Any CPU.ActiveCfg = Release|Any CPU
		{8D6E9D76-DE6D-4AC5-8957-4FB2F231F2B9}.Release|Any CPU.Build.0 = Release|Any CPU
	EndGlobalSection
	GlobalSection(SolutionProperties) = preSolution
		HideSolutionNode = FALSE
	EndGlobalSection
	GlobalSection(ExtensibilityGlobals) = postSolution
		SolutionGuid = {D8C06BD3-099D-4F35-A684-32D50D7C52C2}
	EndGlobalSection
EndGlobal
